
Microsoft Visual Studio Solution File, Format Version 12.00
# Visual Studio Version 16
VisualStudioVersion = 16.0.31702.278
MinimumVisualStudioVersion = 10.0.40219.1
Project("{8BC9CEB8-8B4A-11D0-8D11-00A0C91BC942}") = "bmstu_lab1", "bmstu_lab1\bmstu_lab1.vcxproj", "{E117D59B-7780-4F9D-BD2F-6064C27D5BF1}"
EndProject
Global
	GlobalSection(SolutionConfigurationPlatforms) = preSolution
		Debug|x64 = Debug|x64
		Debug|x86 = Debug|x86
		Release|x64 = Release|x64
		Release|x86 = Release|x86
	EndGlobalSection
	GlobalSection(ProjectConfigurationPlatforms) = postSolution
		{E117D59B-7780-4F9D-BD2F-6064C27D5BF1}.Debug|x64.ActiveCfg = Debug|x64
		{E117D59B-7780-4F9D-BD2F-6064C27D5BF1}.Debug|x64.Build.0 = Debug|x64
		{E117D59B-7780-4F9D-BD2F-6064C27D5BF1}.Debug|x86.ActiveCfg = Debug|Win32
		{E117D59B-7780-4F9D-BD2F-6064C27D5BF1}.Debug|x86.Build.0 = Debug|Win32
		{E117D59B-7780-4F9D-BD2F-6064C27D5BF1}.Release|x64.ActiveCfg = Release|x64
		{E117D59B-7780-4F9D-BD2F-6064C27D5BF1}.Release|x64.Build.0 = Release|x64
		{E117D59B-7780-4F9D-BD2F-6064C27D5BF1}.Release|x86.ActiveCfg = Release|Win32
		{E117D59B-7780-4F9D-BD2F-6064C27D5BF1}.Release|x86.Build.0 = Release|Win32
	EndGlobalSection
	GlobalSection(SolutionProperties) = preSolution
		HideSolutionNode = FALSE
	EndGlobalSection
	GlobalSection(ExtensibilityGlobals) = postSolution
		SolutionGuid = {3FF6700D-AAA7-48C1-A678-D38196A481DC}
	EndGlobalSection
EndGlobal
